
Microsoft Visual Studio Solution File, Format Version 12.00
# Visual Studio Version 17
VisualStudioVersion = 17.9.34310.174
MinimumVisualStudioVersion = 10.0.40219.1
Project("{9A19103F-16F7-4668-BE54-9A1E7A4F7556}") = "BitTensor.CPU", "BitTensor.CPU\BitTensor.CPU.csproj", "{1FEC8266-6FF6-4CBA-BFDC-33D69A63E15C}"
EndProject
Project("{9A19103F-16F7-4668-BE54-9A1E7A4F7556}") = "BitTensor.Tests", "BitTensor.Tests\BitTensor.Tests.csproj", "{E17E8062-D38C-41FB-B824-B0A65EB269BC}"
EndProject
Project("{2150E333-8FDC-42A3-9474-1A3956D46DE8}") = "Solution Items", "Solution Items", "{9509AF80-2ECA-46A5-8DBE-629350FA449D}"
	ProjectSection(SolutionItems) = preProject
		todo.md = todo.md
	EndProjectSection
EndProject
Project("{9A19103F-16F7-4668-BE54-9A1E7A4F7556}") = "BitTensor.Benchmarks", "BitTensor.Benchmarks\BitTensor.Benchmarks.csproj", "{945295A6-408B-4E52-8656-91D1826D9BA8}"
EndProject
Project("{9A19103F-16F7-4668-BE54-9A1E7A4F7556}") = "BitTensor.CUDA", "BitTensor.CUDA\BitTensor.CUDA.csproj", "{3BD9C0E9-CF19-451F-B1F5-05D890D0E046}"
EndProject
Project("{9A19103F-16F7-4668-BE54-9A1E7A4F7556}") = "BitTensor.Playground", "BitTensor.Playground\BitTensor.Playground.csproj", "{07105965-1DA1-4992-BB8D-28383DEB5295}"
EndProject
Project("{9A19103F-16F7-4668-BE54-9A1E7A4F7556}") = "BitTensor.Abstractions", "BitTensor.Abstractions\BitTensor.Abstractions.csproj", "{1F93C3BA-EE74-4C9B-9019-19E06C3088F5}"
EndProject
Project("{9A19103F-16F7-4668-BE54-9A1E7A4F7556}") = "BitTensor.Core", "BitTensor.Core\BitTensor.Core.csproj", "{A7934191-8FE9-41C8-A4F6-3E8FFB118F04}"
EndProject
Project("{2150E333-8FDC-42A3-9474-1A3956D46DE8}") = "Core", "Core", "{C8A97435-FCA0-4C11-A23B-F986FA3A9601}"
EndProject
Project("{FAE04EC0-301F-11D3-BF4B-00C04F79EFBC}") = "BitTensor.CUDA.ComputeOnly", "BitTensor.CUDA.ComputeOnly\BitTensor.CUDA.ComputeOnly.csproj", "{FB4C04D7-E359-499A-8BFF-B03EEEDC6E46}"
EndProject
Project("{FAE04EC0-301F-11D3-BF4B-00C04F79EFBC}") = "BitTensor.CUDA.Interop", "BitTensor.CUDA.Interop\BitTensor.CUDA.Interop.csproj", "{D20D78AE-1CC3-4FDA-9B9A-4BB689F0826F}"
EndProject
Global
	GlobalSection(SolutionConfigurationPlatforms) = preSolution
		Debug|Any CPU = Debug|Any CPU
		Release|Any CPU = Release|Any CPU
	EndGlobalSection
	GlobalSection(ProjectConfigurationPlatforms) = postSolution
		{1FEC8266-6FF6-4CBA-BFDC-33D69A63E15C}.Debug|Any CPU.ActiveCfg = Debug|Any CPU
		{1FEC8266-6FF6-4CBA-BFDC-33D69A63E15C}.Debug|Any CPU.Build.0 = Debug|Any CPU
		{1FEC8266-6FF6-4CBA-BFDC-33D69A63E15C}.Release|Any CPU.ActiveCfg = Release|Any CPU
		{1FEC8266-6FF6-4CBA-BFDC-33D69A63E15C}.Release|Any CPU.Build.0 = Release|Any CPU
		{E17E8062-D38C-41FB-B824-B0A65EB269BC}.Debug|Any CPU.ActiveCfg = Debug|Any CPU
		{E17E8062-D38C-41FB-B824-B0A65EB269BC}.Debug|Any CPU.Build.0 = Debug|Any CPU
		{E17E8062-D38C-41FB-B824-B0A65EB269BC}.Release|Any CPU.ActiveCfg = Release|Any CPU
		{E17E8062-D38C-41FB-B824-B0A65EB269BC}.Release|Any CPU.Build.0 = Release|Any CPU
		{945295A6-408B-4E52-8656-91D1826D9BA8}.Debug|Any CPU.ActiveCfg = Debug|Any CPU
		{945295A6-408B-4E52-8656-91D1826D9BA8}.Debug|Any CPU.Build.0 = Debug|Any CPU
		{945295A6-408B-4E52-8656-91D1826D9BA8}.Release|Any CPU.ActiveCfg = Release|Any CPU
		{945295A6-408B-4E52-8656-91D1826D9BA8}.Release|Any CPU.Build.0 = Release|Any CPU
		{3BD9C0E9-CF19-451F-B1F5-05D890D0E046}.Debug|Any CPU.ActiveCfg = Debug|Any CPU
		{3BD9C0E9-CF19-451F-B1F5-05D890D0E046}.Debug|Any CPU.Build.0 = Debug|Any CPU
		{3BD9C0E9-CF19-451F-B1F5-05D890D0E046}.Release|Any CPU.ActiveCfg = Release|Any CPU
		{3BD9C0E9-CF19-451F-B1F5-05D890D0E046}.Release|Any CPU.Build.0 = Release|Any CPU
		{07105965-1DA1-4992-BB8D-28383DEB5295}.Debug|Any CPU.ActiveCfg = Debug|Any CPU
		{07105965-1DA1-4992-BB8D-28383DEB5295}.Debug|Any CPU.Build.0 = Debug|Any CPU
		{07105965-1DA1-4992-BB8D-28383DEB5295}.Release|Any CPU.ActiveCfg = Release|Any CPU
		{07105965-1DA1-4992-BB8D-28383DEB5295}.Release|Any CPU.Build.0 = Release|Any CPU
		{1F93C3BA-EE74-4C9B-9019-19E06C3088F5}.Debug|Any CPU.ActiveCfg = Debug|Any CPU
		{1F93C3BA-EE74-4C9B-9019-19E06C3088F5}.Debug|Any CPU.Build.0 = Debug|Any CPU
		{1F93C3BA-EE74-4C9B-9019-19E06C3088F5}.Release|Any CPU.ActiveCfg = Release|Any CPU
		{1F93C3BA-EE74-4C9B-9019-19E06C3088F5}.Release|Any CPU.Build.0 = Release|Any CPU
		{A7934191-8FE9-41C8-A4F6-3E8FFB118F04}.Debug|Any CPU.ActiveCfg = Debug|Any CPU
		{A7934191-8FE9-41C8-A4F6-3E8FFB118F04}.Debug|Any CPU.Build.0 = Debug|Any CPU
		{A7934191-8FE9-41C8-A4F6-3E8FFB118F04}.Release|Any CPU.ActiveCfg = Release|Any CPU
		{A7934191-8FE9-41C8-A4F6-3E8FFB118F04}.Release|Any CPU.Build.0 = Release|Any CPU
		{FB4C04D7-E359-499A-8BFF-B03EEEDC6E46}.Debug|Any CPU.ActiveCfg = Debug|Any CPU
		{FB4C04D7-E359-499A-8BFF-B03EEEDC6E46}.Debug|Any CPU.Build.0 = Debug|Any CPU
		{FB4C04D7-E359-499A-8BFF-B03EEEDC6E46}.Release|Any CPU.ActiveCfg = Release|Any CPU
		{FB4C04D7-E359-499A-8BFF-B03EEEDC6E46}.Release|Any CPU.Build.0 = Release|Any CPU
		{D20D78AE-1CC3-4FDA-9B9A-4BB689F0826F}.Debug|Any CPU.ActiveCfg = Debug|Any CPU
		{D20D78AE-1CC3-4FDA-9B9A-4BB689F0826F}.Debug|Any CPU.Build.0 = Debug|Any CPU
		{D20D78AE-1CC3-4FDA-9B9A-4BB689F0826F}.Release|Any CPU.ActiveCfg = Release|Any CPU
		{D20D78AE-1CC3-4FDA-9B9A-4BB689F0826F}.Release|Any CPU.Build.0 = Release|Any CPU
	EndGlobalSection
	GlobalSection(SolutionProperties) = preSolution
		HideSolutionNode = FALSE
	EndGlobalSection
	GlobalSection(NestedProjects) = preSolution
		{1FEC8266-6FF6-4CBA-BFDC-33D69A63E15C} = {C8A97435-FCA0-4C11-A23B-F986FA3A9601}
		{3BD9C0E9-CF19-451F-B1F5-05D890D0E046} = {C8A97435-FCA0-4C11-A23B-F986FA3A9601}
		{1F93C3BA-EE74-4C9B-9019-19E06C3088F5} = {C8A97435-FCA0-4C11-A23B-F986FA3A9601}
		{A7934191-8FE9-41C8-A4F6-3E8FFB118F04} = {C8A97435-FCA0-4C11-A23B-F986FA3A9601}
		{FB4C04D7-E359-499A-8BFF-B03EEEDC6E46} = {C8A97435-FCA0-4C11-A23B-F986FA3A9601}
		{D20D78AE-1CC3-4FDA-9B9A-4BB689F0826F} = {C8A97435-FCA0-4C11-A23B-F986FA3A9601}
	EndGlobalSection
	GlobalSection(ExtensibilityGlobals) = postSolution
		SolutionGuid = {DCF36EF3-B1E3-4628-B7AA-C4F16E6A0D43}
	EndGlobalSection
EndGlobal
