
Microsoft Visual Studio Solution File, Format Version 12.00
# Visual Studio Version 17
VisualStudioVersion = 17.9.34310.174
MinimumVisualStudioVersion = 10.0.40219.1
Project("{9A19103F-16F7-4668-BE54-9A1E7A4F7556}") = "BitTensor.Tests", "BitTensor.Tests\BitTensor.Tests.csproj", "{E17E8062-D38C-41FB-B824-B0A65EB269BC}"
EndProject
Project("{9A19103F-16F7-4668-BE54-9A1E7A4F7556}") = "BitTensor.Abstractions", "BitTensor.Abstractions\BitTensor.Abstractions.csproj", "{1F93C3BA-EE74-4C9B-9019-19E06C3088F5}"
EndProject
Project("{9A19103F-16F7-4668-BE54-9A1E7A4F7556}") = "BitTensor.CUDA", "BitTensor.CUDA\BitTensor.CUDA.csproj", "{FB4C04D7-E359-499A-8BFF-B03EEEDC6E46}"
EndProject
Project("{9A19103F-16F7-4668-BE54-9A1E7A4F7556}") = "BitTensor.CUDA.Interop", "BitTensor.CUDA.Interop\BitTensor.CUDA.Interop.csproj", "{D20D78AE-1CC3-4FDA-9B9A-4BB689F0826F}"
	ProjectSection(ProjectDependencies) = postProject
		{28A5AA1A-9535-4FC3-9ED0-75B007A72D07} = {28A5AA1A-9535-4FC3-9ED0-75B007A72D07}
	EndProjectSection
EndProject
Project("{9A19103F-16F7-4668-BE54-9A1E7A4F7556}") = "BitTensor", "BitTensor\BitTensor.csproj", "{66EDC9DB-DFE0-4AEC-B732-4CAF87242248}"
EndProject
Project("{9A19103F-16F7-4668-BE54-9A1E7A4F7556}") = "BitTensor.CUDA.Graph", "BitTensor.CUDA.Graph\BitTensor.CUDA.Graph.csproj", "{369D9660-0260-4A80-A185-05CBF6CB2369}"
EndProject
Project("{9A19103F-16F7-4668-BE54-9A1E7A4F7556}") = "BitTensor.CUDA.Models", "BitTensor.CUDA.Models\BitTensor.CUDA.Models.csproj", "{D311890B-2ADD-431A-AF5A-87A73D68D772}"
EndProject
Project("{8BC9CEB8-8B4A-11D0-8D11-00A0C91BC942}") = "BitTensor.CUDA.Kernels", "BitTensor.CUDA.Kernels\BitTensor.CUDA.Kernels.vcxproj", "{28A5AA1A-9535-4FC3-9ED0-75B007A72D07}"
EndProject
Global
	GlobalSection(SolutionConfigurationPlatforms) = preSolution
		Debug|Any CPU = Debug|Any CPU
		Debug|x64 = Debug|x64
		Release|Any CPU = Release|Any CPU
		Release|x64 = Release|x64
	EndGlobalSection
	GlobalSection(ProjectConfigurationPlatforms) = postSolution
		{E17E8062-D38C-41FB-B824-B0A65EB269BC}.Debug|Any CPU.ActiveCfg = Debug|Any CPU
		{E17E8062-D38C-41FB-B824-B0A65EB269BC}.Debug|Any CPU.Build.0 = Debug|Any CPU
		{E17E8062-D38C-41FB-B824-B0A65EB269BC}.Debug|x64.ActiveCfg = Debug|Any CPU
		{E17E8062-D38C-41FB-B824-B0A65EB269BC}.Debug|x64.Build.0 = Debug|Any CPU
		{E17E8062-D38C-41FB-B824-B0A65EB269BC}.Release|Any CPU.ActiveCfg = Release|Any CPU
		{E17E8062-D38C-41FB-B824-B0A65EB269BC}.Release|Any CPU.Build.0 = Release|Any CPU
		{E17E8062-D38C-41FB-B824-B0A65EB269BC}.Release|x64.ActiveCfg = Release|Any CPU
		{E17E8062-D38C-41FB-B824-B0A65EB269BC}.Release|x64.Build.0 = Release|Any CPU
		{1F93C3BA-EE74-4C9B-9019-19E06C3088F5}.Debug|Any CPU.ActiveCfg = Debug|Any CPU
		{1F93C3BA-EE74-4C9B-9019-19E06C3088F5}.Debug|Any CPU.Build.0 = Debug|Any CPU
		{1F93C3BA-EE74-4C9B-9019-19E06C3088F5}.Debug|x64.ActiveCfg = Debug|Any CPU
		{1F93C3BA-EE74-4C9B-9019-19E06C3088F5}.Debug|x64.Build.0 = Debug|Any CPU
		{1F93C3BA-EE74-4C9B-9019-19E06C3088F5}.Release|Any CPU.ActiveCfg = Release|Any CPU
		{1F93C3BA-EE74-4C9B-9019-19E06C3088F5}.Release|Any CPU.Build.0 = Release|Any CPU
		{1F93C3BA-EE74-4C9B-9019-19E06C3088F5}.Release|x64.ActiveCfg = Release|Any CPU
		{1F93C3BA-EE74-4C9B-9019-19E06C3088F5}.Release|x64.Build.0 = Release|Any CPU
		{FB4C04D7-E359-499A-8BFF-B03EEEDC6E46}.Debug|Any CPU.ActiveCfg = Debug|Any CPU
		{FB4C04D7-E359-499A-8BFF-B03EEEDC6E46}.Debug|Any CPU.Build.0 = Debug|Any CPU
		{FB4C04D7-E359-499A-8BFF-B03EEEDC6E46}.Debug|x64.ActiveCfg = Debug|Any CPU
		{FB4C04D7-E359-499A-8BFF-B03EEEDC6E46}.Debug|x64.Build.0 = Debug|Any CPU
		{FB4C04D7-E359-499A-8BFF-B03EEEDC6E46}.Release|Any CPU.ActiveCfg = Release|Any CPU
		{FB4C04D7-E359-499A-8BFF-B03EEEDC6E46}.Release|Any CPU.Build.0 = Release|Any CPU
		{FB4C04D7-E359-499A-8BFF-B03EEEDC6E46}.Release|x64.ActiveCfg = Release|Any CPU
		{FB4C04D7-E359-499A-8BFF-B03EEEDC6E46}.Release|x64.Build.0 = Release|Any CPU
		{D20D78AE-1CC3-4FDA-9B9A-4BB689F0826F}.Debug|Any CPU.ActiveCfg = Debug|Any CPU
		{D20D78AE-1CC3-4FDA-9B9A-4BB689F0826F}.Debug|Any CPU.Build.0 = Debug|Any CPU
		{D20D78AE-1CC3-4FDA-9B9A-4BB689F0826F}.Debug|x64.ActiveCfg = Debug|Any CPU
		{D20D78AE-1CC3-4FDA-9B9A-4BB689F0826F}.Debug|x64.Build.0 = Debug|Any CPU
		{D20D78AE-1CC3-4FDA-9B9A-4BB689F0826F}.Release|Any CPU.ActiveCfg = Release|Any CPU
		{D20D78AE-1CC3-4FDA-9B9A-4BB689F0826F}.Release|Any CPU.Build.0 = Release|Any CPU
		{D20D78AE-1CC3-4FDA-9B9A-4BB689F0826F}.Release|x64.ActiveCfg = Release|Any CPU
		{D20D78AE-1CC3-4FDA-9B9A-4BB689F0826F}.Release|x64.Build.0 = Release|Any CPU
		{66EDC9DB-DFE0-4AEC-B732-4CAF87242248}.Debug|Any CPU.ActiveCfg = Debug|Any CPU
		{66EDC9DB-DFE0-4AEC-B732-4CAF87242248}.Debug|Any CPU.Build.0 = Debug|Any CPU
		{66EDC9DB-DFE0-4AEC-B732-4CAF87242248}.Debug|x64.ActiveCfg = Debug|Any CPU
		{66EDC9DB-DFE0-4AEC-B732-4CAF87242248}.Debug|x64.Build.0 = Debug|Any CPU
		{66EDC9DB-DFE0-4AEC-B732-4CAF87242248}.Release|Any CPU.ActiveCfg = Release|Any CPU
		{66EDC9DB-DFE0-4AEC-B732-4CAF87242248}.Release|Any CPU.Build.0 = Release|Any CPU
		{66EDC9DB-DFE0-4AEC-B732-4CAF87242248}.Release|x64.ActiveCfg = Release|Any CPU
		{66EDC9DB-DFE0-4AEC-B732-4CAF87242248}.Release|x64.Build.0 = Release|Any CPU
		{369D9660-0260-4A80-A185-05CBF6CB2369}.Debug|Any CPU.ActiveCfg = Debug|Any CPU
		{369D9660-0260-4A80-A185-05CBF6CB2369}.Debug|Any CPU.Build.0 = Debug|Any CPU
		{369D9660-0260-4A80-A185-05CBF6CB2369}.Debug|x64.ActiveCfg = Debug|Any CPU
		{369D9660-0260-4A80-A185-05CBF6CB2369}.Debug|x64.Build.0 = Debug|Any CPU
		{369D9660-0260-4A80-A185-05CBF6CB2369}.Release|Any CPU.ActiveCfg = Release|Any CPU
		{369D9660-0260-4A80-A185-05CBF6CB2369}.Release|Any CPU.Build.0 = Release|Any CPU
		{369D9660-0260-4A80-A185-05CBF6CB2369}.Release|x64.ActiveCfg = Release|Any CPU
		{369D9660-0260-4A80-A185-05CBF6CB2369}.Release|x64.Build.0 = Release|Any CPU
		{D311890B-2ADD-431A-AF5A-87A73D68D772}.Debug|Any CPU.ActiveCfg = Debug|Any CPU
		{D311890B-2ADD-431A-AF5A-87A73D68D772}.Debug|Any CPU.Build.0 = Debug|Any CPU
		{D311890B-2ADD-431A-AF5A-87A73D68D772}.Debug|x64.ActiveCfg = Debug|Any CPU
		{D311890B-2ADD-431A-AF5A-87A73D68D772}.Debug|x64.Build.0 = Debug|Any CPU
		{D311890B-2ADD-431A-AF5A-87A73D68D772}.Release|Any CPU.ActiveCfg = Release|Any CPU
		{D311890B-2ADD-431A-AF5A-87A73D68D772}.Release|Any CPU.Build.0 = Release|Any CPU
		{D311890B-2ADD-431A-AF5A-87A73D68D772}.Release|x64.ActiveCfg = Release|Any CPU
		{D311890B-2ADD-431A-AF5A-87A73D68D772}.Release|x64.Build.0 = Release|Any CPU
		{28A5AA1A-9535-4FC3-9ED0-75B007A72D07}.Debug|Any CPU.ActiveCfg = Debug|x64
		{28A5AA1A-9535-4FC3-9ED0-75B007A72D07}.Debug|Any CPU.Build.0 = Debug|x64
		{28A5AA1A-9535-4FC3-9ED0-75B007A72D07}.Debug|x64.ActiveCfg = Debug|x64
		{28A5AA1A-9535-4FC3-9ED0-75B007A72D07}.Debug|x64.Build.0 = Debug|x64
		{28A5AA1A-9535-4FC3-9ED0-75B007A72D07}.Release|Any CPU.ActiveCfg = Release|x64
		{28A5AA1A-9535-4FC3-9ED0-75B007A72D07}.Release|Any CPU.Build.0 = Release|x64
		{28A5AA1A-9535-4FC3-9ED0-75B007A72D07}.Release|x64.ActiveCfg = Release|x64
		{28A5AA1A-9535-4FC3-9ED0-75B007A72D07}.Release|x64.Build.0 = Release|x64
	EndGlobalSection
	GlobalSection(SolutionProperties) = preSolution
		HideSolutionNode = FALSE
	EndGlobalSection
	GlobalSection(ExtensibilityGlobals) = postSolution
		SolutionGuid = {DCF36EF3-B1E3-4628-B7AA-C4F16E6A0D43}
	EndGlobalSection
EndGlobal
