
Microsoft Visual Studio Solution File, Format Version 12.00
# Visual Studio Version 17
VisualStudioVersion = 17.9.34310.174
MinimumVisualStudioVersion = 10.0.40219.1
Project("{9A19103F-16F7-4668-BE54-9A1E7A4F7556}") = "BitTensor.Tests", "BitTensor.Tests\BitTensor.Tests.csproj", "{E17E8062-D38C-41FB-B824-B0A65EB269BC}"
EndProject
Project("{9A19103F-16F7-4668-BE54-9A1E7A4F7556}") = "BitTensor.Abstractions", "BitTensor.Abstractions\BitTensor.Abstractions.csproj", "{1F93C3BA-EE74-4C9B-9019-19E06C3088F5}"
EndProject
Project("{9A19103F-16F7-4668-BE54-9A1E7A4F7556}") = "BitTensor.CUDA", "BitTensor.CUDA\BitTensor.CUDA.csproj", "{FB4C04D7-E359-499A-8BFF-B03EEEDC6E46}"
EndProject
Project("{9A19103F-16F7-4668-BE54-9A1E7A4F7556}") = "BitTensor.CUDA.Interop", "BitTensor.CUDA.Interop\BitTensor.CUDA.Interop.csproj", "{D20D78AE-1CC3-4FDA-9B9A-4BB689F0826F}"
EndProject
Global
	GlobalSection(SolutionConfigurationPlatforms) = preSolution
		Debug|Any CPU = Debug|Any CPU
		Release|Any CPU = Release|Any CPU
	EndGlobalSection
	GlobalSection(ProjectConfigurationPlatforms) = postSolution
		{E17E8062-D38C-41FB-B824-B0A65EB269BC}.Debug|Any CPU.ActiveCfg = Debug|Any CPU
		{E17E8062-D38C-41FB-B824-B0A65EB269BC}.Debug|Any CPU.Build.0 = Debug|Any CPU
		{E17E8062-D38C-41FB-B824-B0A65EB269BC}.Release|Any CPU.ActiveCfg = Release|Any CPU
		{E17E8062-D38C-41FB-B824-B0A65EB269BC}.Release|Any CPU.Build.0 = Release|Any CPU
		{1F93C3BA-EE74-4C9B-9019-19E06C3088F5}.Debug|Any CPU.ActiveCfg = Debug|Any CPU
		{1F93C3BA-EE74-4C9B-9019-19E06C3088F5}.Debug|Any CPU.Build.0 = Debug|Any CPU
		{1F93C3BA-EE74-4C9B-9019-19E06C3088F5}.Release|Any CPU.ActiveCfg = Release|Any CPU
		{1F93C3BA-EE74-4C9B-9019-19E06C3088F5}.Release|Any CPU.Build.0 = Release|Any CPU
		{FB4C04D7-E359-499A-8BFF-B03EEEDC6E46}.Debug|Any CPU.ActiveCfg = Debug|Any CPU
		{FB4C04D7-E359-499A-8BFF-B03EEEDC6E46}.Debug|Any CPU.Build.0 = Debug|Any CPU
		{FB4C04D7-E359-499A-8BFF-B03EEEDC6E46}.Release|Any CPU.ActiveCfg = Release|Any CPU
		{FB4C04D7-E359-499A-8BFF-B03EEEDC6E46}.Release|Any CPU.Build.0 = Release|Any CPU
		{D20D78AE-1CC3-4FDA-9B9A-4BB689F0826F}.Debug|Any CPU.ActiveCfg = Debug|Any CPU
		{D20D78AE-1CC3-4FDA-9B9A-4BB689F0826F}.Debug|Any CPU.Build.0 = Debug|Any CPU
		{D20D78AE-1CC3-4FDA-9B9A-4BB689F0826F}.Release|Any CPU.ActiveCfg = Release|Any CPU
		{D20D78AE-1CC3-4FDA-9B9A-4BB689F0826F}.Release|Any CPU.Build.0 = Release|Any CPU
	EndGlobalSection
	GlobalSection(SolutionProperties) = preSolution
		HideSolutionNode = FALSE
	EndGlobalSection
	GlobalSection(ExtensibilityGlobals) = postSolution
		SolutionGuid = {DCF36EF3-B1E3-4628-B7AA-C4F16E6A0D43}
	EndGlobalSection
EndGlobal
